dependencies:
- name: postgresql
  repository: https://charts.bitnami.com/bitnami
  version: 16.7.4
- name: redis
  repository: https://charts.bitnami.com/bitnami
  version: 21.1.6
digest: sha256:5ab3f0d60f4c3e28a12f8b4f4ed96d107ac944828d5f6047d3617c2824d2cf0c
generated: "2025-05-23T09:10:56.016069+02:00"
